
Microsoft Visual Studio Solution File, Format Version 12.00
# Visual Studio 14
VisualStudioVersion = 14.0.25123.0
MinimumVisualStudioVersion = 10.0.40219.1
Project("{FAE04EC0-301F-11D3-BF4B-00C04F79EFBC}") = "AsyncLab", "AsyncLab\AsyncLab.csproj", "{7F509645-874A-40DD-BA29-9463454C6EC5}"
EndProject
Project("{FAE04EC0-301F-11D3-BF4B-00C04F79EFBC}") = "AsyncLab.Exception", "AsyncLab.Exception\AsyncLab.Exception.csproj", "{A0681422-9E3B-4D7C-A60F-589A891054F1}"
EndProject
Project("{FAE04EC0-301F-11D3-BF4B-00C04F79EFBC}") = "AsyncLab.N4.0", "AsyncLab.N4.0\AsyncLab.N4.0.csproj", "{05DEE3E8-A75E-4CB2-B12A-3DBB4EDE64FC}"
EndProject
Global
	GlobalSection(SolutionConfigurationPlatforms) = preSolution
		Debug|Any CPU = Debug|Any CPU
		Release|Any CPU = Release|Any CPU
	EndGlobalSection
	GlobalSection(ProjectConfigurationPlatforms) = postSolution
		{7F509645-874A-40DD-BA29-9463454C6EC5}.Debug|Any CPU.ActiveCfg = Debug|Any CPU
		{7F509645-874A-40DD-BA29-9463454C6EC5}.Debug|Any CPU.Build.0 = Debug|Any CPU
		{7F509645-874A-40DD-BA29-9463454C6EC5}.Release|Any CPU.ActiveCfg = Release|Any CPU
		{7F509645-874A-40DD-BA29-9463454C6EC5}.Release|Any CPU.Build.0 = Release|Any CPU
		{A0681422-9E3B-4D7C-A60F-589A891054F1}.Debug|Any CPU.ActiveCfg = Debug|Any CPU
		{A0681422-9E3B-4D7C-A60F-589A891054F1}.Debug|Any CPU.Build.0 = Debug|Any CPU
		{A0681422-9E3B-4D7C-A60F-589A891054F1}.Release|Any CPU.ActiveCfg = Release|Any CPU
		{A0681422-9E3B-4D7C-A60F-589A891054F1}.Release|Any CPU.Build.0 = Release|Any CPU
		{05DEE3E8-A75E-4CB2-B12A-3DBB4EDE64FC}.Debug|Any CPU.ActiveCfg = Debug|Any CPU
		{05DEE3E8-A75E-4CB2-B12A-3DBB4EDE64FC}.Debug|Any CPU.Build.0 = Debug|Any CPU
		{05DEE3E8-A75E-4CB2-B12A-3DBB4EDE64FC}.Release|Any CPU.ActiveCfg = Release|Any CPU
		{05DEE3E8-A75E-4CB2-B12A-3DBB4EDE64FC}.Release|Any CPU.Build.0 = Release|Any CPU
	EndGlobalSection
	GlobalSection(SolutionProperties) = preSolution
		HideSolutionNode = FALSE
	EndGlobalSection
EndGlobal
