
Microsoft Visual Studio Solution File, Format Version 12.00
# Visual Studio 14
VisualStudioVersion = 14.0.25420.1
MinimumVisualStudioVersion = 10.0.40219.1
Project("{FAE04EC0-301F-11D3-BF4B-00C04F79EFBC}") = "TeamKits.FTPKit", "TeamKits.FTPKit\TeamKits.FTPKit.csproj", "{BE5FB7E5-075E-4CA4-A793-3F6F90F53222}"
EndProject
Global
	GlobalSection(SolutionConfigurationPlatforms) = preSolution
		Debug|Any CPU = Debug|Any CPU
		Release|Any CPU = Release|Any CPU
	EndGlobalSection
	GlobalSection(ProjectConfigurationPlatforms) = postSolution
		{BE5FB7E5-075E-4CA4-A793-3F6F90F53222}.Debug|Any CPU.ActiveCfg = Debug|Any CPU
		{BE5FB7E5-075E-4CA4-A793-3F6F90F53222}.Debug|Any CPU.Build.0 = Debug|Any CPU
		{BE5FB7E5-075E-4CA4-A793-3F6F90F53222}.Release|Any CPU.ActiveCfg = Release|Any CPU
		{BE5FB7E5-075E-4CA4-A793-3F6F90F53222}.Release|Any CPU.Build.0 = Release|Any CPU
	EndGlobalSection
	GlobalSection(SolutionProperties) = preSolution
		HideSolutionNode = FALSE
	EndGlobalSection
EndGlobal
